
Microsoft Visual Studio Solution File, Format Version 12.00
# Visual Studio Version 17
VisualStudioVersion = 17.9.34607.119
MinimumVisualStudioVersion = 10.0.40219.1
Project("{2150E333-8FDC-42A3-9474-1A3956D46DE8}") = "Core", "Core", "{FED1B53E-7D14-4AFD-9F8D-5C263EEE579D}"
EndProject
Project("{9A19103F-16F7-4668-BE54-9A1E7A4F7556}") = "RentACarProject.Domain", "Core\RentACarProject.Domain\RentACarProject.Domain.csproj", "{1F953E15-2033-4588-9585-E9C7535721EA}"
EndProject
Project("{2150E333-8FDC-42A3-9474-1A3956D46DE8}") = "Infrastructure", "Infrastructure", "{2829082F-CB84-425F-B152-A9CF91294CA1}"
EndProject
Project("{FAE04EC0-301F-11D3-BF4B-00C04F79EFBC}") = "RentACarProject.Persistence", "Infrastructure\RentACarProject.Persistence\RentACarProject.Persistence.csproj", "{942F032F-4B40-4A33-A5EC-9A8F38F426E2}"
EndProject
Global
	GlobalSection(SolutionConfigurationPlatforms) = preSolution
		Debug|Any CPU = Debug|Any CPU
		Release|Any CPU = Release|Any CPU
	EndGlobalSection
	GlobalSection(ProjectConfigurationPlatforms) = postSolution
		{1F953E15-2033-4588-9585-E9C7535721EA}.Debug|Any CPU.ActiveCfg = Debug|Any CPU
		{1F953E15-2033-4588-9585-E9C7535721EA}.Debug|Any CPU.Build.0 = Debug|Any CPU
		{1F953E15-2033-4588-9585-E9C7535721EA}.Release|Any CPU.ActiveCfg = Release|Any CPU
		{1F953E15-2033-4588-9585-E9C7535721EA}.Release|Any CPU.Build.0 = Release|Any CPU
		{942F032F-4B40-4A33-A5EC-9A8F38F426E2}.Debug|Any CPU.ActiveCfg = Debug|Any CPU
		{942F032F-4B40-4A33-A5EC-9A8F38F426E2}.Debug|Any CPU.Build.0 = Debug|Any CPU
		{942F032F-4B40-4A33-A5EC-9A8F38F426E2}.Release|Any CPU.ActiveCfg = Release|Any CPU
		{942F032F-4B40-4A33-A5EC-9A8F38F426E2}.Release|Any CPU.Build.0 = Release|Any CPU
	EndGlobalSection
	GlobalSection(SolutionProperties) = preSolution
		HideSolutionNode = FALSE
	EndGlobalSection
	GlobalSection(NestedProjects) = preSolution
		{1F953E15-2033-4588-9585-E9C7535721EA} = {FED1B53E-7D14-4AFD-9F8D-5C263EEE579D}
		{942F032F-4B40-4A33-A5EC-9A8F38F426E2} = {2829082F-CB84-425F-B152-A9CF91294CA1}
	EndGlobalSection
	GlobalSection(ExtensibilityGlobals) = postSolution
		SolutionGuid = {EB8CFB5E-288E-46D5-B4EA-4CC2DF864EF8}
	EndGlobalSection
EndGlobal
