
Microsoft Visual Studio Solution File, Format Version 12.00
# Visual Studio Version 17
VisualStudioVersion = 17.9.34607.119
MinimumVisualStudioVersion = 10.0.40219.1
Project("{2150E333-8FDC-42A3-9474-1A3956D46DE8}") = "Core", "Core", "{FED1B53E-7D14-4AFD-9F8D-5C263EEE579D}"
EndProject
Project("{9A19103F-16F7-4668-BE54-9A1E7A4F7556}") = "RentACarProject.Domain", "Core\RentACarProject.Domain\RentACarProject.Domain.csproj", "{1F953E15-2033-4588-9585-E9C7535721EA}"
EndProject
Project("{2150E333-8FDC-42A3-9474-1A3956D46DE8}") = "Infrastructure", "Infrastructure", "{2829082F-CB84-425F-B152-A9CF91294CA1}"
EndProject
Project("{9A19103F-16F7-4668-BE54-9A1E7A4F7556}") = "RentACarProject.Persistence", "Infrastructure\RentACarProject.Persistence\RentACarProject.Persistence.csproj", "{942F032F-4B40-4A33-A5EC-9A8F38F426E2}"
EndProject
Project("{2150E333-8FDC-42A3-9474-1A3956D46DE8}") = "Presentation", "Presentation", "{61F6A7ED-D698-4327-9C97-0D3B81049F8A}"
EndProject
Project("{9A19103F-16F7-4668-BE54-9A1E7A4F7556}") = "RentACarProject.WebApi", "Presentation\RentACarProject.WebApi\RentACarProject.WebApi.csproj", "{D15F3485-B368-453B-B4F4-319F51D8A1C1}"
EndProject
Project("{9A19103F-16F7-4668-BE54-9A1E7A4F7556}") = "RentACarProject.Application", "Core\RentACarProject.Application\RentACarProject.Application.csproj", "{49D662DD-83E8-47FB-99D9-33EA354FD77B}"
EndProject
Project("{2150E333-8FDC-42A3-9474-1A3956D46DE8}") = "Frontends", "Frontends", "{315B37EE-95F4-4B2F-8DC2-12DD0CD2E1F3}"
EndProject
Project("{9A19103F-16F7-4668-BE54-9A1E7A4F7556}") = "RentACarProject.WebUI", "Frontends\RentACarProject.WebUI\RentACarProject.WebUI.csproj", "{27D243F5-0955-432E-8F3D-9330AFE5AC69}"
EndProject
Project("{FAE04EC0-301F-11D3-BF4B-00C04F79EFBC}") = "RentACarProject.Dto", "Frontends\RentACarProject.Dto\RentACarProject.Dto.csproj", "{EB53BF3B-34F8-4CD6-92F1-A2D0A6368B5E}"
EndProject
Global
	GlobalSection(SolutionConfigurationPlatforms) = preSolution
		Debug|Any CPU = Debug|Any CPU
		Release|Any CPU = Release|Any CPU
	EndGlobalSection
	GlobalSection(ProjectConfigurationPlatforms) = postSolution
		{1F953E15-2033-4588-9585-E9C7535721EA}.Debug|Any CPU.ActiveCfg = Debug|Any CPU
		{1F953E15-2033-4588-9585-E9C7535721EA}.Debug|Any CPU.Build.0 = Debug|Any CPU
		{1F953E15-2033-4588-9585-E9C7535721EA}.Release|Any CPU.ActiveCfg = Release|Any CPU
		{1F953E15-2033-4588-9585-E9C7535721EA}.Release|Any CPU.Build.0 = Release|Any CPU
		{942F032F-4B40-4A33-A5EC-9A8F38F426E2}.Debug|Any CPU.ActiveCfg = Debug|Any CPU
		{942F032F-4B40-4A33-A5EC-9A8F38F426E2}.Debug|Any CPU.Build.0 = Debug|Any CPU
		{942F032F-4B40-4A33-A5EC-9A8F38F426E2}.Release|Any CPU.ActiveCfg = Release|Any CPU
		{942F032F-4B40-4A33-A5EC-9A8F38F426E2}.Release|Any CPU.Build.0 = Release|Any CPU
		{D15F3485-B368-453B-B4F4-319F51D8A1C1}.Debug|Any CPU.ActiveCfg = Debug|Any CPU
		{D15F3485-B368-453B-B4F4-319F51D8A1C1}.Debug|Any CPU.Build.0 = Debug|Any CPU
		{D15F3485-B368-453B-B4F4-319F51D8A1C1}.Release|Any CPU.ActiveCfg = Release|Any CPU
		{D15F3485-B368-453B-B4F4-319F51D8A1C1}.Release|Any CPU.Build.0 = Release|Any CPU
		{49D662DD-83E8-47FB-99D9-33EA354FD77B}.Debug|Any CPU.ActiveCfg = Debug|Any CPU
		{49D662DD-83E8-47FB-99D9-33EA354FD77B}.Debug|Any CPU.Build.0 = Debug|Any CPU
		{49D662DD-83E8-47FB-99D9-33EA354FD77B}.Release|Any CPU.ActiveCfg = Release|Any CPU
		{49D662DD-83E8-47FB-99D9-33EA354FD77B}.Release|Any CPU.Build.0 = Release|Any CPU
		{27D243F5-0955-432E-8F3D-9330AFE5AC69}.Debug|Any CPU.ActiveCfg = Debug|Any CPU
		{27D243F5-0955-432E-8F3D-9330AFE5AC69}.Debug|Any CPU.Build.0 = Debug|Any CPU
		{27D243F5-0955-432E-8F3D-9330AFE5AC69}.Release|Any CPU.ActiveCfg = Release|Any CPU
		{27D243F5-0955-432E-8F3D-9330AFE5AC69}.Release|Any CPU.Build.0 = Release|Any CPU
		{EB53BF3B-34F8-4CD6-92F1-A2D0A6368B5E}.Debug|Any CPU.ActiveCfg = Debug|Any CPU
		{EB53BF3B-34F8-4CD6-92F1-A2D0A6368B5E}.Debug|Any CPU.Build.0 = Debug|Any CPU
		{EB53BF3B-34F8-4CD6-92F1-A2D0A6368B5E}.Release|Any CPU.ActiveCfg = Release|Any CPU
		{EB53BF3B-34F8-4CD6-92F1-A2D0A6368B5E}.Release|Any CPU.Build.0 = Release|Any CPU
	EndGlobalSection
	GlobalSection(SolutionProperties) = preSolution
		HideSolutionNode = FALSE
	EndGlobalSection
	GlobalSection(NestedProjects) = preSolution
		{1F953E15-2033-4588-9585-E9C7535721EA} = {FED1B53E-7D14-4AFD-9F8D-5C263EEE579D}
		{942F032F-4B40-4A33-A5EC-9A8F38F426E2} = {2829082F-CB84-425F-B152-A9CF91294CA1}
		{D15F3485-B368-453B-B4F4-319F51D8A1C1} = {61F6A7ED-D698-4327-9C97-0D3B81049F8A}
		{49D662DD-83E8-47FB-99D9-33EA354FD77B} = {FED1B53E-7D14-4AFD-9F8D-5C263EEE579D}
		{27D243F5-0955-432E-8F3D-9330AFE5AC69} = {315B37EE-95F4-4B2F-8DC2-12DD0CD2E1F3}
		{EB53BF3B-34F8-4CD6-92F1-A2D0A6368B5E} = {315B37EE-95F4-4B2F-8DC2-12DD0CD2E1F3}
	EndGlobalSection
	GlobalSection(ExtensibilityGlobals) = postSolution
		SolutionGuid = {EB8CFB5E-288E-46D5-B4EA-4CC2DF864EF8}
	EndGlobalSection
EndGlobal
